PODS:
  - AFNetworking (2.2.1):
    - AFNetworking/NSURLConnection
    - AFNetworking/NSURLSession
    - AFNetworking/Reachability
    - AFNetworking/Security
    - AFNetworking/Serialization
    - AFNetworking/UIKit
  - AFNetworking/NSURLConnection (2.2.1):
    - AFNetworking/Reachability
    - AFNetworking/Security
    - AFNetworking/Serialization
  - AFNetworking/NSURLSession (2.2.1):
    - AFNetworking/NSURLConnection
  - AFNetworking/Reachability (2.2.1)
  - AFNetworking/Security (2.2.1)
  - AFNetworking/Serialization (2.2.1)
  - AFNetworking/UIKit (2.2.1):
    - AFNetworking/NSURLConnection
    - AFNetworking/NSURLSession
  - Facebook-iOS-SDK (3.13.0)
  - Parse (1.2.18):
    - Facebook-iOS-SDK (~> 3.11)

DEPENDENCIES:
  - AFNetworking
  - Parse

SPEC CHECKSUMS:
  AFNetworking: 0121f4b69be3fa58d1ab317866e036e12ac9651d
  Facebook-iOS-SDK: 5788541337dc88265bc940cb5ffb05915f9b64e3
  Parse: 6dd57f2af9f89dc6facc755cec4e96f8b739b1fb

COCOAPODS: 0.29.0
