// !$*UTF8*$!
{
	archiveVersion = 1;
	classes = {
	};
	objectVersion = 46;
	objects = {

/* Begin PBXBuildFile section */
		09774FE1C4BF404587B04912 /* libPods.a in Frameworks */ = {isa = PBXBuildFile; fileRef = AA37572C4C7B45828AC9FDF5 /* libPods.a */; };
		6B2C4A6B18FB111E00D9A011 /* SearchResultsViewController.m in Sources */ = {isa = PBXBuildFile; fileRef = 6B2C4A6918FB111E00D9A011 /* SearchResultsViewController.m */; };
		6B2C4A6C18FB111E00D9A011 /* SearchResultsViewController.xib in Resources */ = {isa = PBXBuildFile; fileRef = 6B2C4A6A18FB111E00D9A011 /* SearchResultsViewController.xib */; };
		6B2C4A7518FB4CDC00D9A011 /* HamburgerMenuController.m in Sources */ = {isa = PBXBuildFile; fileRef = 6B2C4A7318FB4CDC00D9A011 /* HamburgerMenuController.m */; };
		6B2C4A7618FB4CDC00D9A011 /* HamburgerMenuController.xib in Resources */ = {isa = PBXBuildFile; fileRef = 6B2C4A7418FB4CDC00D9A011 /* HamburgerMenuController.xib */; };
		6B96C9CB190091A900C2CCF1 /* stream_thumbnail_placeholder.gif in Resources */ = {isa = PBXBuildFile; fileRef = 6B96C9CA190091A900C2CCF1 /* stream_thumbnail_placeholder.gif */; };
		6BAACCF919085148003B5084 /* VideoPlayerViewController.m in Sources */ = {isa = PBXBuildFile; fileRef = 6BAACCF719085148003B5084 /* VideoPlayerViewController.m */; };
		6BAACCFA19085148003B5084 /* VideoPlayerViewController.xib in Resources */ = {isa = PBXBuildFile; fileRef = 6BAACCF819085148003B5084 /* VideoPlayerViewController.xib */; };
		6BAACCFD1908526E003B5084 /* VideoPlayerView.m in Sources */ = {isa = PBXBuildFile; fileRef = 6BAACCFC1908526E003B5084 /* VideoPlayerView.m */; };
		6BEECC9C1901CDB90055081E /* LoginManager.m in Sources */ = {isa = PBXBuildFile; fileRef = 6BEECC9B1901CDB90055081E /* LoginManager.m */; };
		7E6A917A190877E200865E7E /* liked.png in Resources */ = {isa = PBXBuildFile; fileRef = 7E6A9178190877E200865E7E /* liked.png */; };
		7E6A917B190877E200865E7E /* liked@2x.png in Resources */ = {isa = PBXBuildFile; fileRef = 7E6A9179190877E200865E7E /* liked@2x.png */; };
		7E970D2018F1E5DF00517A1F /* Foundation.framework in Frameworks */ = {isa = PBXBuildFile; fileRef = 7E970D1F18F1E5DF00517A1F /* Foundation.framework */; };
		7E970D2218F1E5DF00517A1F /* CoreGraphics.framework in Frameworks */ = {isa = PBXBuildFile; fileRef = 7E970D2118F1E5DF00517A1F /* CoreGraphics.framework */; };
		7E970D2418F1E5DF00517A1F /* UIKit.framework in Frameworks */ = {isa = PBXBuildFile; fileRef = 7E970D2318F1E5DF00517A1F /* UIKit.framework */; };
		7E970D2A18F1E5DF00517A1F /* InfoPlist.strings in Resources */ = {isa = PBXBuildFile; fileRef = 7E970D2818F1E5DF00517A1F /* InfoPlist.strings */; };
		7E970D2C18F1E5DF00517A1F /* main.m in Sources */ = {isa = PBXBuildFile; fileRef = 7E970D2B18F1E5DF00517A1F /* main.m */; };
		7E970D3018F1E5DF00517A1F /* AppDelegate.m in Sources */ = {isa = PBXBuildFile; fileRef = 7E970D2F18F1E5DF00517A1F /* AppDelegate.m */; };
		7E970D3218F1E5DF00517A1F /* Images.xcassets in Resources */ = {isa = PBXBuildFile; fileRef = 7E970D3118F1E5DF00517A1F /* Images.xcassets */; };
		7E970D3918F1E5E000517A1F /* XCTest.framework in Frameworks */ = {isa = PBXBuildFile; fileRef = 7E970D3818F1E5E000517A1F /* XCTest.framework */; };
		7E970D3A18F1E5E000517A1F /* Foundation.framework in Frameworks */ = {isa = PBXBuildFile; fileRef = 7E970D1F18F1E5DF00517A1F /* Foundation.framework */; };
		7E970D3B18F1E5E000517A1F /* UIKit.framework in Frameworks */ = {isa = PBXBuildFile; fileRef = 7E970D2318F1E5DF00517A1F /* UIKit.framework */; };
		7E970D4318F1E5E000517A1F /* InfoPlist.strings in Resources */ = {isa = PBXBuildFile; fileRef = 7E970D4118F1E5E000517A1F /* InfoPlist.strings */; };
		7E970D4518F1E5E000517A1F /* ClipsterTests.m in Sources */ = {isa = PBXBuildFile; fileRef = 7E970D4418F1E5E000517A1F /* ClipsterTests.m */; };
		7E970D4F18F1E69D00517A1F /* Podfile in Resources */ = {isa = PBXBuildFile; fileRef = 7E970D4E18F1E69D00517A1F /* Podfile */; };
		7E970D5818F1F06400517A1F /* StreamViewController.m in Sources */ = {isa = PBXBuildFile; fileRef = 7E970D5618F1F06400517A1F /* StreamViewController.m */; };
		7E970D5918F1F06400517A1F /* StreamViewController.xib in Resources */ = {isa = PBXBuildFile; fileRef = 7E970D5718F1F06400517A1F /* StreamViewController.xib */; };
		7E970D5D18F1F2DC00517A1F /* ClipCell.m in Sources */ = {isa = PBXBuildFile; fileRef = 7E970D5B18F1F2DC00517A1F /* ClipCell.m */; };
		7E970D5E18F1F2DC00517A1F /* ClipCell.xib in Resources */ = {isa = PBXBuildFile; fileRef = 7E970D5C18F1F2DC00517A1F /* ClipCell.xib */; };
		7E970D6018F1F9C300517A1F /* menu@2x.png in Resources */ = {isa = PBXBuildFile; fileRef = 7E970D5F18F1F9C300517A1F /* menu@2x.png */; };
		7E970D6518F2165800517A1F /* LoginViewController.m in Sources */ = {isa = PBXBuildFile; fileRef = 7E970D6318F2165800517A1F /* LoginViewController.m */; };
		7E970D6618F2165800517A1F /* LoginViewController.xib in Resources */ = {isa = PBXBuildFile; fileRef = 7E970D6418F2165800517A1F /* LoginViewController.xib */; };
		7E9B20711901C596008C3E01 /* ClippingViewController.m in Sources */ = {isa = PBXBuildFile; fileRef = 7E9B206F1901C596008C3E01 /* ClippingViewController.m */; };
		7E9B20721901C596008C3E01 /* ClippingViewController.xib in Resources */ = {isa = PBXBuildFile; fileRef = 7E9B20701901C596008C3E01 /* ClippingViewController.xib */; };
		7E9B20741901C92F008C3E01 /* drag_green.png in Resources */ = {isa = PBXBuildFile; fileRef = 7E9B20731901C92F008C3E01 /* drag_green.png */; };
		7E9B20761901CA1A008C3E01 /* drag_red.png in Resources */ = {isa = PBXBuildFile; fileRef = 7E9B20751901CA1A008C3E01 /* drag_red.png */; };
		7E9B20791901D509008C3E01 /* RulerView.m in Sources */ = {isa = PBXBuildFile; fileRef = 7E9B20781901D509008C3E01 /* RulerView.m */; };
		7E9B20841904A59A008C3E01 /* tim.png in Resources */ = {isa = PBXBuildFile; fileRef = 7E9B20831904A59A008C3E01 /* tim.png */; };
		7E9B20961905D96E008C3E01 /* tapToPublish.png in Resources */ = {isa = PBXBuildFile; fileRef = 7E9B20951905D96E008C3E01 /* tapToPublish.png */; };
		7E9B209C1905EAD3008C3E01 /* clip-it-2.png in Resources */ = {isa = PBXBuildFile; fileRef = 7E9B209B1905EAD3008C3E01 /* clip-it-2.png */; };
		7E9B20A219073E31008C3E01 /* search-2@2x.png in Resources */ = {isa = PBXBuildFile; fileRef = 7E9B20A119073E31008C3E01 /* search-2@2x.png */; };
		7E9B20B6190744D3008C3E01 /* prof5@2x.png in Resources */ = {isa = PBXBuildFile; fileRef = 7E9B20B5190744D3008C3E01 /* prof5@2x.png */; };
		7E9B20B9190780A9008C3E01 /* like.png in Resources */ = {isa = PBXBuildFile; fileRef = 7E9B20B7190780A9008C3E01 /* like.png */; };
		7E9B20BA190780A9008C3E01 /* like@2x.png in Resources */ = {isa = PBXBuildFile; fileRef = 7E9B20B8190780A9008C3E01 /* like@2x.png */; };
		7EE5B31019008633000F3816 /* video_placeholder.png in Resources */ = {isa = PBXBuildFile; fileRef = 7EE5B30F19008633000F3816 /* video_placeholder.png */; };
		7EE5B3151900921C000F3816 /* ProfileViewController.m in Sources */ = {isa = PBXBuildFile; fileRef = 7EE5B3131900921C000F3816 /* ProfileViewController.m */; };
		7EE5B3161900921C000F3816 /* ProfileViewController.xib in Resources */ = {isa = PBXBuildFile; fileRef = 7EE5B3141900921C000F3816 /* ProfileViewController.xib */; };
		7EE5B31A1900E594000F3816 /* ProfileCell.m in Sources */ = {isa = PBXBuildFile; fileRef = 7EE5B3181900E594000F3816 /* ProfileCell.m */; };
		7EE5B31B1900E594000F3816 /* ProfileCell.xib in Resources */ = {isa = PBXBuildFile; fileRef = 7EE5B3191900E594000F3816 /* ProfileCell.xib */; };
		7EF9A4BF18F884580058FE1C /* VideoViewController.m in Sources */ = {isa = PBXBuildFile; fileRef = 7EF9A4BD18F884580058FE1C /* VideoViewController.m */; };
		7EF9A4C018F884580058FE1C /* VideoViewController.xib in Resources */ = {isa = PBXBuildFile; fileRef = 7EF9A4BE18F884580058FE1C /* VideoViewController.xib */; };
		7EF9A4C218F899E40058FE1C /* spool.png in Resources */ = {isa = PBXBuildFile; fileRef = 7EF9A4C118F899E40058FE1C /* spool.png */; };
		7EF9A4C618F8B2A80058FE1C /* SmallClipCell.m in Sources */ = {isa = PBXBuildFile; fileRef = 7EF9A4C418F8B2A80058FE1C /* SmallClipCell.m */; };
		7EF9A4C718F8B2A80058FE1C /* SmallClipCell.xib in Resources */ = {isa = PBXBuildFile; fileRef = 7EF9A4C518F8B2A80058FE1C /* SmallClipCell.xib */; };
		BB1F17B41900868C0048D9C8 /* YouTubeVideo.m in Sources */ = {isa = PBXBuildFile; fileRef = BB1F17B31900868C0048D9C8 /* YouTubeVideo.m */; };
		BBAAD84918F3642B0079995E /* User.m in Sources */ = {isa = PBXBuildFile; fileRef = BBAAD84818F3642B0079995E /* User.m */; };
		BBAAD84C18F364490079995E /* Clip.m in Sources */ = {isa = PBXBuildFile; fileRef = BBAAD84B18F364490079995E /* Clip.m */; };
		BBEAC47E1905BA3000FB732B /* EditProfileViewController.m in Sources */ = {isa = PBXBuildFile; fileRef = BBEAC47C1905BA3000FB732B /* EditProfileViewController.m */; };
		BBEAC47F1905BA3100FB732B /* EditProfileViewController.xib in Resources */ = {isa = PBXBuildFile; fileRef = BBEAC47D1905BA3000FB732B /* EditProfileViewController.xib */; };
/* End PBXBuildFile section */

/* Begin PBXContainerItemProxy section */
		7E970D3C18F1E5E000517A1F /* PBXContainerItemProxy */ = {
			isa = PBXContainerItemProxy;
			containerPortal = 7E970D1418F1E5DF00517A1F /* Project object */;
			proxyType = 1;
			remoteGlobalIDString = 7E970D1B18F1E5DF00517A1F;
			remoteInfo = Clipster;
		};
/* End PBXContainerItemProxy section */

/* Begin PBXFileReference section */
		6B2C4A6818FB111E00D9A011 /* SearchResultsViewController.h */ = {isa = PBXFileReference; fileEncoding = 4; lastKnownFileType = sourcecode.c.h; path = SearchResultsViewController.h; sourceTree = "<group>"; };
		6B2C4A6918FB111E00D9A011 /* SearchResultsViewController.m */ = {isa = PBXFileReference; fileEncoding = 4; lastKnownFileType = sourcecode.c.objc; path = SearchResultsViewController.m; sourceTree = "<group>"; };
		6B2C4A6A18FB111E00D9A011 /* SearchResultsViewController.xib */ = {isa = PBXFileReference; fileEncoding = 4; lastKnownFileType = file.xib; path = SearchResultsViewController.xib; sourceTree = "<group>"; };
		6B2C4A7218FB4CDC00D9A011 /* HamburgerMenuController.h */ = {isa = PBXFileReference; fileEncoding = 4; lastKnownFileType = sourcecode.c.h; path = HamburgerMenuController.h; sourceTree = "<group>"; };
		6B2C4A7318FB4CDC00D9A011 /* HamburgerMenuController.m */ = {isa = PBXFileReference; fileEncoding = 4; lastKnownFileType = sourcecode.c.objc; path = HamburgerMenuController.m; sourceTree = "<group>"; };
		6B2C4A7418FB4CDC00D9A011 /* HamburgerMenuController.xib */ = {isa = PBXFileReference; fileEncoding = 4; lastKnownFileType = file.xib; path = HamburgerMenuController.xib; sourceTree = "<group>"; };
		6B96C9CA190091A900C2CCF1 /* stream_thumbnail_placeholder.gif */ = {isa = PBXFileReference; lastKnownFileType = image.gif; name = stream_thumbnail_placeholder.gif; path = images/stream_thumbnail_placeholder.gif; sourceTree = "<group>"; };
		6BAACCF619085148003B5084 /* VideoPlayerViewController.h */ = {isa = PBXFileReference; fileEncoding = 4; lastKnownFileType = sourcecode.c.h; path = VideoPlayerViewController.h; sourceTree = "<group>"; };
		6BAACCF719085148003B5084 /* VideoPlayerViewController.m */ = {isa = PBXFileReference; fileEncoding = 4; lastKnownFileType = sourcecode.c.objc; path = VideoPlayerViewController.m; sourceTree = "<group>"; };
		6BAACCF819085148003B5084 /* VideoPlayerViewController.xib */ = {isa = PBXFileReference; fileEncoding = 4; lastKnownFileType = file.xib; path = VideoPlayerViewController.xib; sourceTree = "<group>"; };
		6BAACCFB1908526E003B5084 /* VideoPlayerView.h */ = {isa = PBXFileReference; fileEncoding = 4; lastKnownFileType = sourcecode.c.h; path = VideoPlayerView.h; sourceTree = "<group>"; };
		6BAACCFC1908526E003B5084 /* VideoPlayerView.m */ = {isa = PBXFileReference; fileEncoding = 4; lastKnownFileType = sourcecode.c.objc; path = VideoPlayerView.m; sourceTree = "<group>"; };
		6BEECC9A1901CDB90055081E /* LoginManager.h */ = {isa = PBXFileReference; fileEncoding = 4; lastKnownFileType = sourcecode.c.h; path = LoginManager.h; sourceTree = "<group>"; };
		6BEECC9B1901CDB90055081E /* LoginManager.m */ = {isa = PBXFileReference; fileEncoding = 4; lastKnownFileType = sourcecode.c.objc; path = LoginManager.m; sourceTree = "<group>"; };
		7E6A9178190877E200865E7E /* liked.png */ = {isa = PBXFileReference; lastKnownFileType = image.png; path = liked.png; sourceTree = "<group>"; };
		7E6A9179190877E200865E7E /* liked@2x.png */ = {isa = PBXFileReference; lastKnownFileType = image.png; path = "liked@2x.png"; sourceTree = "<group>"; };
		7E970D1C18F1E5DF00517A1F /* Clipster.app */ = {isa = PBXFileReference; explicitFileType = wrapper.application; includeInIndex = 0; path = Clipster.app; sourceTree = BUILT_PRODUCTS_DIR; };
		7E970D1F18F1E5DF00517A1F /* Foundation.framework */ = {isa = PBXFileReference; lastKnownFileType = wrapper.framework; name = Foundation.framework; path = System/Library/Frameworks/Foundation.framework; sourceTree = SDKROOT; };
		7E970D2118F1E5DF00517A1F /* CoreGraphics.framework */ = {isa = PBXFileReference; lastKnownFileType = wrapper.framework; name = CoreGraphics.framework; path = System/Library/Frameworks/CoreGraphics.framework; sourceTree = SDKROOT; };
		7E970D2318F1E5DF00517A1F /* UIKit.framework */ = {isa = PBXFileReference; lastKnownFileType = wrapper.framework; name = UIKit.framework; path = System/Library/Frameworks/UIKit.framework; sourceTree = SDKROOT; };
		7E970D2718F1E5DF00517A1F /* Clipster-Info.plist */ = {isa = PBXFileReference; lastKnownFileType = text.plist.xml; path = "Clipster-Info.plist"; sourceTree = "<group>"; };
		7E970D2918F1E5DF00517A1F /* en */ = {isa = PBXFileReference; lastKnownFileType = text.plist.strings; name = en; path = en.lproj/InfoPlist.strings; sourceTree = "<group>"; };
		7E970D2B18F1E5DF00517A1F /* main.m */ = {isa = PBXFileReference; lastKnownFileType = sourcecode.c.objc; path = main.m; sourceTree = "<group>"; };
		7E970D2D18F1E5DF00517A1F /* Clipster-Prefix.pch */ = {isa = PBXFileReference; lastKnownFileType = sourcecode.c.h; path = "Clipster-Prefix.pch"; sourceTree = "<group>"; };
		7E970D2E18F1E5DF00517A1F /* AppDelegate.h */ = {isa = PBXFileReference; lastKnownFileType = sourcecode.c.h; path = AppDelegate.h; sourceTree = "<group>"; };
		7E970D2F18F1E5DF00517A1F /* AppDelegate.m */ = {isa = PBXFileReference; lastKnownFileType = sourcecode.c.objc; path = AppDelegate.m; sourceTree = "<group>"; };
		7E970D3118F1E5DF00517A1F /* Images.xcassets */ = {isa = PBXFileReference; lastKnownFileType = folder.assetcatalog; path = Images.xcassets; sourceTree = "<group>"; };
		7E970D3718F1E5E000517A1F /* ClipsterTests.xctest */ = {isa = PBXFileReference; explicitFileType = wrapper.cfbundle; includeInIndex = 0; path = ClipsterTests.xctest; sourceTree = BUILT_PRODUCTS_DIR; };
		7E970D3818F1E5E000517A1F /* XCTest.framework */ = {isa = PBXFileReference; lastKnownFileType = wrapper.framework; name = XCTest.framework; path = Library/Frameworks/XCTest.framework; sourceTree = DEVELOPER_DIR; };
		7E970D4018F1E5E000517A1F /* ClipsterTests-Info.plist */ = {isa = PBXFileReference; lastKnownFileType = text.plist.xml; path = "ClipsterTests-Info.plist"; sourceTree = "<group>"; };
		7E970D4218F1E5E000517A1F /* en */ = {isa = PBXFileReference; lastKnownFileType = text.plist.strings; name = en; path = en.lproj/InfoPlist.strings; sourceTree = "<group>"; };
		7E970D4418F1E5E000517A1F /* ClipsterTests.m */ = {isa = PBXFileReference; lastKnownFileType = sourcecode.c.objc; path = ClipsterTests.m; sourceTree = "<group>"; };
		7E970D4E18F1E69D00517A1F /* Podfile */ = {isa = PBXFileReference; fileEncoding = 4; lastKnownFileType = text; path = Podfile; sourceTree = "<group>"; };
		7E970D5518F1F06400517A1F /* StreamViewController.h */ = {isa = PBXFileReference; fileEncoding = 4; lastKnownFileType = sourcecode.c.h; path = StreamViewController.h; sourceTree = "<group>"; };
		7E970D5618F1F06400517A1F /* StreamViewController.m */ = {isa = PBXFileReference; fileEncoding = 4; lastKnownFileType = sourcecode.c.objc; path = StreamViewController.m; sourceTree = "<group>"; };
		7E970D5718F1F06400517A1F /* StreamViewController.xib */ = {isa = PBXFileReference; fileEncoding = 4; lastKnownFileType = file.xib; path = StreamViewController.xib; sourceTree = "<group>"; };
		7E970D5A18F1F2DC00517A1F /* ClipCell.h */ = {isa = PBXFileReference; fileEncoding = 4; lastKnownFileType = sourcecode.c.h; path = ClipCell.h; sourceTree = "<group>"; };
		7E970D5B18F1F2DC00517A1F /* ClipCell.m */ = {isa = PBXFileReference; fileEncoding = 4; lastKnownFileType = sourcecode.c.objc; path = ClipCell.m; sourceTree = "<group>"; };
		7E970D5C18F1F2DC00517A1F /* ClipCell.xib */ = {isa = PBXFileReference; fileEncoding = 4; lastKnownFileType = file.xib; path = ClipCell.xib; sourceTree = "<group>"; };
		7E970D5F18F1F9C300517A1F /* menu@2x.png */ = {isa = PBXFileReference; lastKnownFileType = image.png; path = "menu@2x.png"; sourceTree = "<group>"; };
		7E970D6218F2165800517A1F /* LoginViewController.h */ = {isa = PBXFileReference; fileEncoding = 4; lastKnownFileType = sourcecode.c.h; path = LoginViewController.h; sourceTree = "<group>"; };
		7E970D6318F2165800517A1F /* LoginViewController.m */ = {isa = PBXFileReference; fileEncoding = 4; lastKnownFileType = sourcecode.c.objc; path = LoginViewController.m; sourceTree = "<group>"; };
		7E970D6418F2165800517A1F /* LoginViewController.xib */ = {isa = PBXFileReference; fileEncoding = 4; lastKnownFileType = file.xib; path = LoginViewController.xib; sourceTree = "<group>"; };
		7E9B206E1901C596008C3E01 /* ClippingViewController.h */ = {isa = PBXFileReference; fileEncoding = 4; lastKnownFileType = sourcecode.c.h; path = ClippingViewController.h; sourceTree = "<group>"; };
		7E9B206F1901C596008C3E01 /* ClippingViewController.m */ = {isa = PBXFileReference; fileEncoding = 4; lastKnownFileType = sourcecode.c.objc; path = ClippingViewController.m; sourceTree = "<group>"; };
		7E9B20701901C596008C3E01 /* ClippingViewController.xib */ = {isa = PBXFileReference; fileEncoding = 4; lastKnownFileType = file.xib; path = ClippingViewController.xib; sourceTree = "<group>"; };
		7E9B20731901C92F008C3E01 /* drag_green.png */ = {isa = PBXFileReference; lastKnownFileType = image.png; path = drag_green.png; sourceTree = "<group>"; };
		7E9B20751901CA1A008C3E01 /* drag_red.png */ = {isa = PBXFileReference; lastKnownFileType = image.png; path = drag_red.png; sourceTree = "<group>"; };
		7E9B20771901D509008C3E01 /* RulerView.h */ = {isa = PBXFileReference; fileEncoding = 4; lastKnownFileType = sourcecode.c.h; path = RulerView.h; sourceTree = "<group>"; };
		7E9B20781901D509008C3E01 /* RulerView.m */ = {isa = PBXFileReference; fileEncoding = 4; lastKnownFileType = sourcecode.c.objc; path = RulerView.m; sourceTree = "<group>"; };
		7E9B20831904A59A008C3E01 /* tim.png */ = {isa = PBXFileReference; lastKnownFileType = image.png; path = tim.png; sourceTree = "<group>"; };
		7E9B20951905D96E008C3E01 /* tapToPublish.png */ = {isa = PBXFileReference; lastKnownFileType = image.png; path = tapToPublish.png; sourceTree = "<group>"; };
		7E9B209B1905EAD3008C3E01 /* clip-it-2.png */ = {isa = PBXFileReference; lastKnownFileType = image.png; path = "clip-it-2.png"; sourceTree = "<group>"; };
		7E9B20A119073E31008C3E01 /* search-2@2x.png */ = {isa = PBXFileReference; lastKnownFileType = image.png; path = "search-2@2x.png"; sourceTree = "<group>"; };
		7E9B20B5190744D3008C3E01 /* prof5@2x.png */ = {isa = PBXFileReference; lastKnownFileType = image.png; path = "prof5@2x.png"; sourceTree = "<group>"; };
		7E9B20B7190780A9008C3E01 /* like.png */ = {isa = PBXFileReference; lastKnownFileType = image.png; path = like.png; sourceTree = "<group>"; };
		7E9B20B8190780A9008C3E01 /* like@2x.png */ = {isa = PBXFileReference; lastKnownFileType = image.png; path = "like@2x.png"; sourceTree = "<group>"; };
		7EE5B30F19008633000F3816 /* video_placeholder.png */ = {isa = PBXFileReference; lastKnownFileType = image.png; path = video_placeholder.png; sourceTree = "<group>"; };
		7EE5B3121900921C000F3816 /* ProfileViewController.h */ = {isa = PBXFileReference; fileEncoding = 4; lastKnownFileType = sourcecode.c.h; path = ProfileViewController.h; sourceTree = "<group>"; };
		7EE5B3131900921C000F3816 /* ProfileViewController.m */ = {isa = PBXFileReference; fileEncoding = 4; lastKnownFileType = sourcecode.c.objc; path = ProfileViewController.m; sourceTree = "<group>"; };
		7EE5B3141900921C000F3816 /* ProfileViewController.xib */ = {isa = PBXFileReference; fileEncoding = 4; lastKnownFileType = file.xib; path = ProfileViewController.xib; sourceTree = "<group>"; };
		7EE5B3171900E594000F3816 /* ProfileCell.h */ = {isa = PBXFileReference; fileEncoding = 4; lastKnownFileType = sourcecode.c.h; path = ProfileCell.h; sourceTree = "<group>"; };
		7EE5B3181900E594000F3816 /* ProfileCell.m */ = {isa = PBXFileReference; fileEncoding = 4; lastKnownFileType = sourcecode.c.objc; path = ProfileCell.m; sourceTree = "<group>"; };
		7EE5B3191900E594000F3816 /* ProfileCell.xib */ = {isa = PBXFileReference; fileEncoding = 4; lastKnownFileType = file.xib; path = ProfileCell.xib; sourceTree = "<group>"; };
		7EF9A4BC18F884580058FE1C /* VideoViewController.h */ = {isa = PBXFileReference; fileEncoding = 4; lastKnownFileType = sourcecode.c.h; path = VideoViewController.h; sourceTree = "<group>"; };
		7EF9A4BD18F884580058FE1C /* VideoViewController.m */ = {isa = PBXFileReference; fileEncoding = 4; lastKnownFileType = sourcecode.c.objc; path = VideoViewController.m; sourceTree = "<group>"; };
		7EF9A4BE18F884580058FE1C /* VideoViewController.xib */ = {isa = PBXFileReference; fileEncoding = 4; lastKnownFileType = file.xib; path = VideoViewController.xib; sourceTree = "<group>"; };
		7EF9A4C118F899E40058FE1C /* spool.png */ = {isa = PBXFileReference; lastKnownFileType = image.png; path = spool.png; sourceTree = "<group>"; };
		7EF9A4C318F8B2A80058FE1C /* SmallClipCell.h */ = {isa = PBXFileReference; fileEncoding = 4; lastKnownFileType = sourcecode.c.h; path = SmallClipCell.h; sourceTree = "<group>"; };
		7EF9A4C418F8B2A80058FE1C /* SmallClipCell.m */ = {isa = PBXFileReference; fileEncoding = 4; lastKnownFileType = sourcecode.c.objc; path = SmallClipCell.m; sourceTree = "<group>"; };
		7EF9A4C518F8B2A80058FE1C /* SmallClipCell.xib */ = {isa = PBXFileReference; fileEncoding = 4; lastKnownFileType = file.xib; path = SmallClipCell.xib; sourceTree = "<group>"; };
		AA37572C4C7B45828AC9FDF5 /* libPods.a */ = {isa = PBXFileReference; explicitFileType = archive.ar; includeInIndex = 0; path = libPods.a; sourceTree = BUILT_PRODUCTS_DIR; };
		BB1F17B21900868C0048D9C8 /* YouTubeVideo.h */ = {isa = PBXFileReference; fileEncoding = 4; lastKnownFileType = sourcecode.c.h; path = YouTubeVideo.h; sourceTree = "<group>"; };
		BB1F17B31900868C0048D9C8 /* YouTubeVideo.m */ = {isa = PBXFileReference; fileEncoding = 4; lastKnownFileType = sourcecode.c.objc; path = YouTubeVideo.m; sourceTree = "<group>"; };
		BBAAD84718F3642B0079995E /* User.h */ = {isa = PBXFileReference; fileEncoding = 4; lastKnownFileType = sourcecode.c.h; path = User.h; sourceTree = "<group>"; };
		BBAAD84818F3642B0079995E /* User.m */ = {isa = PBXFileReference; fileEncoding = 4; lastKnownFileType = sourcecode.c.objc; path = User.m; sourceTree = "<group>"; };
		BBAAD84A18F364490079995E /* Clip.h */ = {isa = PBXFileReference; fileEncoding = 4; lastKnownFileType = sourcecode.c.h; path = Clip.h; sourceTree = "<group>"; };
		BBAAD84B18F364490079995E /* Clip.m */ = {isa = PBXFileReference; fileEncoding = 4; lastKnownFileType = sourcecode.c.objc; path = Clip.m; sourceTree = "<group>"; };
		BBEAC47B1905BA3000FB732B /* EditProfileViewController.h */ = {isa = PBXFileReference; fileEncoding = 4; lastKnownFileType = sourcecode.c.h; path = EditProfileViewController.h; sourceTree = "<group>"; };
		BBEAC47C1905BA3000FB732B /* EditProfileViewController.m */ = {isa = PBXFileReference; fileEncoding = 4; lastKnownFileType = sourcecode.c.objc; path = EditProfileViewController.m; sourceTree = "<group>"; };
		BBEAC47D1905BA3000FB732B /* EditProfileViewController.xib */ = {isa = PBXFileReference; fileEncoding = 4; lastKnownFileType = file.xib; path = EditProfileViewController.xib; sourceTree = "<group>"; };
		E2ACFA0394E640529A314B3C /* Pods.xcconfig */ = {isa = PBXFileReference; includeInIndex = 1; lastKnownFileType = text.xcconfig; name = Pods.xcconfig; path = Pods/Pods.xcconfig; sourceTree = "<group>"; };
/* End PBXFileReference section */

/* Begin PBXFrameworksBuildPhase section */
		7E970D1918F1E5DF00517A1F /* Frameworks */ = {
			isa = PBXFrameworksBuildPhase;
			buildActionMask = 2147483647;
			files = (
				7E970D2218F1E5DF00517A1F /* CoreGraphics.framework in Frameworks */,
				7E970D2418F1E5DF00517A1F /* UIKit.framework in Frameworks */,
				7E970D2018F1E5DF00517A1F /* Foundation.framework in Frameworks */,
				09774FE1C4BF404587B04912 /* libPods.a in Frameworks */,
			);
			runOnlyForDeploymentPostprocessing = 0;
		};
		7E970D3418F1E5E000517A1F /* Frameworks */ = {
			isa = PBXFrameworksBuildPhase;
			buildActionMask = 2147483647;
			files = (
				7E970D3918F1E5E000517A1F /* XCTest.framework in Frameworks */,
				7E970D3B18F1E5E000517A1F /* UIKit.framework in Frameworks */,
				7E970D3A18F1E5E000517A1F /* Foundation.framework in Frameworks */,
			);
			runOnlyForDeploymentPostprocessing = 0;
		};
/* End PBXFrameworksBuildPhase section */

/* Begin PBXGroup section */
		6B9B8DD61909ED0F007F420A /* components */ = {
			isa = PBXGroup;
			children = (
				6BAACCF619085148003B5084 /* VideoPlayerViewController.h */,
				6BAACCF719085148003B5084 /* VideoPlayerViewController.m */,
				6BAACCFB1908526E003B5084 /* VideoPlayerView.h */,
				6BAACCFC1908526E003B5084 /* VideoPlayerView.m */,
				6BAACCF819085148003B5084 /* VideoPlayerViewController.xib */,
			);
			name = components;
			sourceTree = "<group>";
		};
		7E970D1318F1E5DF00517A1F = {
			isa = PBXGroup;
			children = (
				7E970D2518F1E5DF00517A1F /* Clipster */,
				7E970D6118F1F9C800517A1F /* Images */,
				7E970D3E18F1E5E000517A1F /* ClipsterTests */,
				7E970D1E18F1E5DF00517A1F /* Frameworks */,
				7E970D1D18F1E5DF00517A1F /* Products */,
				7E970D4E18F1E69D00517A1F /* Podfile */,
				E2ACFA0394E640529A314B3C /* Pods.xcconfig */,
			);
			sourceTree = "<group>";
		};
		7E970D1D18F1E5DF00517A1F /* Products */ = {
			isa = PBXGroup;
			children = (
				7E970D1C18F1E5DF00517A1F /* Clipster.app */,
				7E970D3718F1E5E000517A1F /* ClipsterTests.xctest */,
			);
			name = Products;
			sourceTree = "<group>";
		};
		7E970D1E18F1E5DF00517A1F /* Frameworks */ = {
			isa = PBXGroup;
			children = (
				7E970D1F18F1E5DF00517A1F /* Foundation.framework */,
				7E970D2118F1E5DF00517A1F /* CoreGraphics.framework */,
				7E970D2318F1E5DF00517A1F /* UIKit.framework */,
				7E970D3818F1E5E000517A1F /* XCTest.framework */,
				AA37572C4C7B45828AC9FDF5 /* libPods.a */,
			);
			name = Frameworks;
			sourceTree = "<group>";
		};
		7E970D2518F1E5DF00517A1F /* Clipster */ = {
			isa = PBXGroup;
			children = (
				7EE5B31119008638000F3816 /* Resources */,
				7E970D2E18F1E5DF00517A1F /* AppDelegate.h */,
				7E970D2F18F1E5DF00517A1F /* AppDelegate.m */,
				6BEECC9A1901CDB90055081E /* LoginManager.h */,
				6BEECC9B1901CDB90055081E /* LoginManager.m */,
				7E970D3118F1E5DF00517A1F /* Images.xcassets */,
				7E970D2618F1E5DF00517A1F /* Supporting Files */,
				BB571AFB1904DC9C0039BB66 /* views */,
				BB571AFA1904DC900039BB66 /* controllers */,
				6B9B8DD61909ED0F007F420A /* components */,
				BB571AF91904DC830039BB66 /* models */,
			);
			path = Clipster;
			sourceTree = "<group>";
		};
		7E970D2618F1E5DF00517A1F /* Supporting Files */ = {
			isa = PBXGroup;
			children = (
				7E970D2718F1E5DF00517A1F /* Clipster-Info.plist */,
				7E970D2818F1E5DF00517A1F /* InfoPlist.strings */,
				7E970D2B18F1E5DF00517A1F /* main.m */,
				7E970D2D18F1E5DF00517A1F /* Clipster-Prefix.pch */,
			);
			name = "Supporting Files";
			sourceTree = "<group>";
		};
		7E970D3E18F1E5E000517A1F /* ClipsterTests */ = {
			isa = PBXGroup;
			children = (
				7E970D4418F1E5E000517A1F /* ClipsterTests.m */,
				7E970D3F18F1E5E000517A1F /* Supporting Files */,
			);
			path = ClipsterTests;
			sourceTree = "<group>";
		};
		7E970D3F18F1E5E000517A1F /* Supporting Files */ = {
			isa = PBXGroup;
			children = (
				7E970D4018F1E5E000517A1F /* ClipsterTests-Info.plist */,
				7E970D4118F1E5E000517A1F /* InfoPlist.strings */,
			);
			name = "Supporting Files";
			sourceTree = "<group>";
		};
		7E970D6118F1F9C800517A1F /* Images */ = {
			isa = PBXGroup;
			children = (
				6B96C9CA190091A900C2CCF1 /* stream_thumbnail_placeholder.gif */,
				7E970D5F18F1F9C300517A1F /* menu@2x.png */,
			);
			name = Images;
			path = Clipster;
			sourceTree = "<group>";
		};
		7EE5B31119008638000F3816 /* Resources */ = {
			isa = PBXGroup;
			children = (
				7E6A9178190877E200865E7E /* liked.png */,
				7E6A9179190877E200865E7E /* liked@2x.png */,
				7E9B20B7190780A9008C3E01 /* like.png */,
				7E9B20B8190780A9008C3E01 /* like@2x.png */,
				7E9B20B5190744D3008C3E01 /* prof5@2x.png */,
				7E9B20A119073E31008C3E01 /* search-2@2x.png */,
				7E9B209B1905EAD3008C3E01 /* clip-it-2.png */,
				7E9B20951905D96E008C3E01 /* tapToPublish.png */,
				7E9B20831904A59A008C3E01 /* tim.png */,
				7E9B20751901CA1A008C3E01 /* drag_red.png */,
				7E9B20731901C92F008C3E01 /* drag_green.png */,
				7EE5B30F19008633000F3816 /* video_placeholder.png */,
				7EF9A4C118F899E40058FE1C /* spool.png */,
			);
			name = Resources;
			sourceTree = "<group>";
		};
		BB571AF91904DC830039BB66 /* models */ = {
			isa = PBXGroup;
			children = (
				BBAAD84A18F364490079995E /* Clip.h */,
				BBAAD84B18F364490079995E /* Clip.m */,
				BBAAD84718F3642B0079995E /* User.h */,
				BBAAD84818F3642B0079995E /* User.m */,
				BB1F17B21900868C0048D9C8 /* YouTubeVideo.h */,
				BB1F17B31900868C0048D9C8 /* YouTubeVideo.m */,
			);
			name = models;
			sourceTree = "<group>";
		};
		BB571AFA1904DC900039BB66 /* controllers */ = {
			isa = PBXGroup;
			children = (
				BBEAC47B1905BA3000FB732B /* EditProfileViewController.h */,
				BBEAC47C1905BA3000FB732B /* EditProfileViewController.m */,
				BBEAC47D1905BA3000FB732B /* EditProfileViewController.xib */,
				7E9B206E1901C596008C3E01 /* ClippingViewController.h */,
				7E9B206F1901C596008C3E01 /* ClippingViewController.m */,
				7E9B20701901C596008C3E01 /* ClippingViewController.xib */,
				7EF9A4BC18F884580058FE1C /* VideoViewController.h */,
				7EF9A4BD18F884580058FE1C /* VideoViewController.m */,
				7EF9A4BE18F884580058FE1C /* VideoViewController.xib */,
				7E970D5518F1F06400517A1F /* StreamViewController.h */,
				7E970D5618F1F06400517A1F /* StreamViewController.m */,
				7E970D5718F1F06400517A1F /* StreamViewController.xib */,
				6B2C4A6818FB111E00D9A011 /* SearchResultsViewController.h */,
				6B2C4A6918FB111E00D9A011 /* SearchResultsViewController.m */,
				6B2C4A6A18FB111E00D9A011 /* SearchResultsViewController.xib */,
				7EE5B3121900921C000F3816 /* ProfileViewController.h */,
				7EE5B3131900921C000F3816 /* ProfileViewController.m */,
				7EE5B3141900921C000F3816 /* ProfileViewController.xib */,
				6B2C4A7218FB4CDC00D9A011 /* HamburgerMenuController.h */,
				6B2C4A7318FB4CDC00D9A011 /* HamburgerMenuController.m */,
				6B2C4A7418FB4CDC00D9A011 /* HamburgerMenuController.xib */,
				7E970D6218F2165800517A1F /* LoginViewController.h */,
				7E970D6318F2165800517A1F /* LoginViewController.m */,
				7E970D6418F2165800517A1F /* LoginViewController.xib */,
			);
			name = controllers;
			sourceTree = "<group>";
		};
		BB571AFB1904DC9C0039BB66 /* views */ = {
			isa = PBXGroup;
			children = (
				7E9B20771901D509008C3E01 /* RulerView.h */,
				7E9B20781901D509008C3E01 /* RulerView.m */,
				7EE5B3171900E594000F3816 /* ProfileCell.h */,
				7EE5B3181900E594000F3816 /* ProfileCell.m */,
				7EE5B3191900E594000F3816 /* ProfileCell.xib */,
				7EF9A4C318F8B2A80058FE1C /* SmallClipCell.h */,
				7EF9A4C418F8B2A80058FE1C /* SmallClipCell.m */,
				7EF9A4C518F8B2A80058FE1C /* SmallClipCell.xib */,
				7E970D5A18F1F2DC00517A1F /* ClipCell.h */,
				7E970D5B18F1F2DC00517A1F /* ClipCell.m */,
				7E970D5C18F1F2DC00517A1F /* ClipCell.xib */,
			);
			name = views;
			sourceTree = "<group>";
		};
/* End PBXGroup section */

/* Begin PBXNativeTarget section */
		7E970D1B18F1E5DF00517A1F /* Clipster */ = {
			isa = PBXNativeTarget;
			buildConfigurationList = 7E970D4818F1E5E000517A1F /* Build configuration list for PBXNativeTarget "Clipster" */;
			buildPhases = (
				F9B88EF460F54E4F85C40627 /* Check Pods Manifest.lock */,
				7E970D1818F1E5DF00517A1F /* Sources */,
				7E970D1918F1E5DF00517A1F /* Frameworks */,
				7E970D1A18F1E5DF00517A1F /* Resources */,
				4EEB4DD150264BA09133F8DF /* Copy Pods Resources */,
			);
			buildRules = (
			);
			dependencies = (
			);
			name = Clipster;
			productName = Clipster;
			productReference = 7E970D1C18F1E5DF00517A1F /* Clipster.app */;
			productType = "com.apple.product-type.application";
		};
		7E970D3618F1E5E000517A1F /* ClipsterTests */ = {
			isa = PBXNativeTarget;
			buildConfigurationList = 7E970D4B18F1E5E000517A1F /* Build configuration list for PBXNativeTarget "ClipsterTests" */;
			buildPhases = (
				7E970D3318F1E5E000517A1F /* Sources */,
				7E970D3418F1E5E000517A1F /* Frameworks */,
				7E970D3518F1E5E000517A1F /* Resources */,
			);
			buildRules = (
			);
			dependencies = (
				7E970D3D18F1E5E000517A1F /* PBXTargetDependency */,
			);
			name = ClipsterTests;
			productName = ClipsterTests;
			productReference = 7E970D3718F1E5E000517A1F /* ClipsterTests.xctest */;
			productType = "com.apple.product-type.bundle.unit-test";
		};
/* End PBXNativeTarget section */

/* Begin PBXProject section */
		7E970D1418F1E5DF00517A1F /* Project object */ = {
			isa = PBXProject;
			attributes = {
				LastUpgradeCheck = 0510;
				ORGANIZATIONNAME = "Nathan Speller";
				TargetAttributes = {
					7E970D3618F1E5E000517A1F = {
						TestTargetID = 7E970D1B18F1E5DF00517A1F;
					};
				};
			};
			buildConfigurationList = 7E970D1718F1E5DF00517A1F /* Build configuration list for PBXProject "Clipster" */;
			compatibilityVersion = "Xcode 3.2";
			developmentRegion = English;
			hasScannedForEncodings = 0;
			knownRegions = (
				en,
			);
			mainGroup = 7E970D1318F1E5DF00517A1F;
			productRefGroup = 7E970D1D18F1E5DF00517A1F /* Products */;
			projectDirPath = "";
			projectRoot = "";
			targets = (
				7E970D1B18F1E5DF00517A1F /* Clipster */,
				7E970D3618F1E5E000517A1F /* ClipsterTests */,
			);
		};
/* End PBXProject section */

/* Begin PBXResourcesBuildPhase section */
		7E970D1A18F1E5DF00517A1F /* Resources */ = {
			isa = PBXResourcesBuildPhase;
			buildActionMask = 2147483647;
			files = (
				7E9B20BA190780A9008C3E01 /* like@2x.png in Resources */,
				7E970D6618F2165800517A1F /* LoginViewController.xib in Resources */,
				6BAACCFA19085148003B5084 /* VideoPlayerViewController.xib in Resources */,
				7E9B209C1905EAD3008C3E01 /* clip-it-2.png in Resources */,
				7EF9A4C018F884580058FE1C /* VideoViewController.xib in Resources */,
				7E970D4F18F1E69D00517A1F /* Podfile in Resources */,
				7E9B20A219073E31008C3E01 /* search-2@2x.png in Resources */,
				7EF9A4C218F899E40058FE1C /* spool.png in Resources */,
				7E970D6018F1F9C300517A1F /* menu@2x.png in Resources */,
				6B96C9CB190091A900C2CCF1 /* stream_thumbnail_placeholder.gif in Resources */,
				7E6A917A190877E200865E7E /* liked.png in Resources */,
				7E9B20761901CA1A008C3E01 /* drag_red.png in Resources */,
				7EF9A4C718F8B2A80058FE1C /* SmallClipCell.xib in Resources */,
				7E9B20B9190780A9008C3E01 /* like.png in Resources */,
				7E9B20841904A59A008C3E01 /* tim.png in Resources */,
				7E970D2A18F1E5DF00517A1F /* InfoPlist.strings in Resources */,
				7E9B20B6190744D3008C3E01 /* prof5@2x.png in Resources */,
				7E970D3218F1E5DF00517A1F /* Images.xcassets in Resources */,
				7EE5B3161900921C000F3816 /* ProfileViewController.xib in Resources */,
				6B2C4A7618FB4CDC00D9A011 /* HamburgerMenuController.xib in Resources */,
				7E9B20961905D96E008C3E01 /* tapToPublish.png in Resources */,
				7E9B20721901C596008C3E01 /* ClippingViewController.xib in Resources */,
				7E970D5E18F1F2DC00517A1F /* ClipCell.xib in Resources */,
				7E6A917B190877E200865E7E /* liked@2x.png in Resources */,
				BBEAC47F1905BA3100FB732B /* EditProfileViewController.xib in Resources */,
				7EE5B31019008633000F3816 /* video_placeholder.png in Resources */,
				7EE5B31B1900E594000F3816 /* ProfileCell.xib in Resources */,
				6B2C4A6C18FB111E00D9A011 /* SearchResultsViewController.xib in Resources */,
				7E9B20741901C92F008C3E01 /* drag_green.png in Resources */,
				7E970D5918F1F06400517A1F /* StreamViewController.xib in Resources */,
			);
			runOnlyForDeploymentPostprocessing = 0;
		};
		7E970D3518F1E5E000517A1F /* Resources */ = {
			isa = PBXResourcesBuildPhase;
			buildActionMask = 2147483647;
			files = (
				7E970D4318F1E5E000517A1F /* InfoPlist.strings in Resources */,
			);
			runOnlyForDeploymentPostprocessing = 0;
		};
/* End PBXResourcesBuildPhase section */

/* Begin PBXShellScriptBuildPhase section */
		4EEB4DD150264BA09133F8DF /* Copy Pods Resources */ = {
			isa = PBXShellScriptBuildPhase;
			buildActionMask = 2147483647;
			files = (
			);
			inputPaths = (
			);
			name = "Copy Pods Resources";
			outputPaths = (
			);
			runOnlyForDeploymentPostprocessing = 0;
			shellPath = /bin/sh;
			shellScript = "\"${SRCROOT}/Pods/Pods-resources.sh\"\n";
			showEnvVarsInLog = 0;
		};
		F9B88EF460F54E4F85C40627 /* Check Pods Manifest.lock */ = {
			isa = PBXShellScriptBuildPhase;
			buildActionMask = 2147483647;
			files = (
			);
			inputPaths = (
			);
			name = "Check Pods Manifest.lock";
			outputPaths = (
			);
			runOnlyForDeploymentPostprocessing = 0;
			shellPath = /bin/sh;
			shellScript = "diff \"${PODS_ROOT}/../Podfile.lock\" \"${PODS_ROOT}/Manifest.lock\" > /dev/null\nif [[ $? != 0 ]] ; then\n    cat << EOM\nerror: The sandbox is not in sync with the Podfile.lock. Run 'pod install' or update your CocoaPods installation.\nEOM\n    exit 1\nfi\n";
			showEnvVarsInLog = 0;
		};
/* End PBXShellScriptBuildPhase section */

/* Begin PBXSourcesBuildPhase section */
		7E970D1818F1E5DF00517A1F /* Sources */ = {
			isa = PBXSourcesBuildPhase;
			buildActionMask = 2147483647;
			files = (
				7E9B20791901D509008C3E01 /* RulerView.m in Sources */,
				7E970D5818F1F06400517A1F /* StreamViewController.m in Sources */,
				BBAAD84C18F364490079995E /* Clip.m in Sources */,
				7EF9A4BF18F884580058FE1C /* VideoViewController.m in Sources */,
				6B2C4A6B18FB111E00D9A011 /* SearchResultsViewController.m in Sources */,
				7EE5B3151900921C000F3816 /* ProfileViewController.m in Sources */,
				6B2C4A7518FB4CDC00D9A011 /* HamburgerMenuController.m in Sources */,
				BBEAC47E1905BA3000FB732B /* EditProfileViewController.m in Sources */,
				BBAAD84918F3642B0079995E /* User.m in Sources */,
				7E9B20711901C596008C3E01 /* ClippingViewController.m in Sources */,
				7EE5B31A1900E594000F3816 /* ProfileCell.m in Sources */,
				7E970D5D18F1F2DC00517A1F /* ClipCell.m in Sources */,
				BB1F17B41900868C0048D9C8 /* YouTubeVideo.m in Sources */,
				6BAACCF919085148003B5084 /* VideoPlayerViewController.m in Sources */,
				7EF9A4C618F8B2A80058FE1C /* SmallClipCell.m in Sources */,
				6BAACCFD1908526E003B5084 /* VideoPlayerView.m in Sources */,
				7E970D6518F2165800517A1F /* LoginViewController.m in Sources */,
				6BEECC9C1901CDB90055081E /* LoginManager.m in Sources */,
				7E970D3018F1E5DF00517A1F /* AppDelegate.m in Sources */,
				7E970D2C18F1E5DF00517A1F /* main.m in Sources */,
			);
			runOnlyForDeploymentPostprocessing = 0;
		};
		7E970D3318F1E5E000517A1F /* Sources */ = {
			isa = PBXSourcesBuildPhase;
			buildActionMask = 2147483647;
			files = (
				7E970D4518F1E5E000517A1F /* ClipsterTests.m in Sources */,
			);
			runOnlyForDeploymentPostprocessing = 0;
		};
/* End PBXSourcesBuildPhase section */

/* Begin PBXTargetDependency section */
		7E970D3D18F1E5E000517A1F /* PBXTargetDependency */ = {
			isa = PBXTargetDependency;
			target = 7E970D1B18F1E5DF00517A1F /* Clipster */;
			targetProxy = 7E970D3C18F1E5E000517A1F /* PBXContainerItemProxy */;
		};
/* End PBXTargetDependency section */

/* Begin PBXVariantGroup section */
		7E970D2818F1E5DF00517A1F /* InfoPlist.strings */ = {
			isa = PBXVariantGroup;
			children = (
				7E970D2918F1E5DF00517A1F /* en */,
			);
			name = InfoPlist.strings;
			sourceTree = "<group>";
		};
		7E970D4118F1E5E000517A1F /* InfoPlist.strings */ = {
			isa = PBXVariantGroup;
			children = (
				7E970D4218F1E5E000517A1F /* en */,
			);
			name = InfoPlist.strings;
			sourceTree = "<group>";
		};
/* End PBXVariantGroup section */

/* Begin XCBuildConfiguration section */
		7E970D4618F1E5E000517A1F /* Debug */ = {
			isa = XCBuildConfiguration;
			buildSettings = {
				ALWAYS_SEARCH_USER_PATHS = NO;
				CLANG_CXX_LANGUAGE_STANDARD = "gnu++0x";
				CLANG_CXX_LIBRARY = "libc++";
				CLANG_ENABLE_MODULES = YES;
				CLANG_ENABLE_OBJC_ARC = YES;
				CLANG_WARN_BOOL_CONVERSION = YES;
				CLANG_WARN_CONSTANT_CONVERSION = YES;
				CLANG_WARN_DIRECT_OBJC_ISA_USAGE = YES_ERROR;
				CLANG_WARN_EMPTY_BODY = YES;
				CLANG_WARN_ENUM_CONVERSION = YES;
				CLANG_WARN_INT_CONVERSION = YES;
				CLANG_WARN_OBJC_ROOT_CLASS = YES_ERROR;
				CLANG_WARN__DUPLICATE_METHOD_MATCH = YES;
				"CODE_SIGN_IDENTITY[sdk=iphoneos*]" = "iPhone Developer";
				COPY_PHASE_STRIP = NO;
				GCC_C_LANGUAGE_STANDARD = gnu99;
				GCC_DYNAMIC_NO_PIC = NO;
				GCC_OPTIMIZATION_LEVEL = 0;
				GCC_PREPROCESSOR_DEFINITIONS = (
					"DEBUG=1",
					"$(inherited)",
				);
				GCC_SYMBOLS_PRIVATE_EXTERN = NO;
				GCC_WARN_64_TO_32_BIT_CONVERSION = YES;
				GCC_WARN_ABOUT_RETURN_TYPE = YES_ERROR;
				GCC_WARN_UNDECLARED_SELECTOR = YES;
				GCC_WARN_UNINITIALIZED_AUTOS = YES_AGGRESSIVE;
				GCC_WARN_UNUSED_FUNCTION = YES;
				GCC_WARN_UNUSED_VARIABLE = YES;
				IPHONEOS_DEPLOYMENT_TARGET = 7.1;
				ONLY_ACTIVE_ARCH = YES;
				SDKROOT = iphoneos;
			};
			name = Debug;
		};
		7E970D4718F1E5E000517A1F /* Release */ = {
			isa = XCBuildConfiguration;
			buildSettings = {
				ALWAYS_SEARCH_USER_PATHS = NO;
				CLANG_CXX_LANGUAGE_STANDARD = "gnu++0x";
				CLANG_CXX_LIBRARY = "libc++";
				CLANG_ENABLE_MODULES = YES;
				CLANG_ENABLE_OBJC_ARC = YES;
				CLANG_WARN_BOOL_CONVERSION = YES;
				CLANG_WARN_CONSTANT_CONVERSION = YES;
				CLANG_WARN_DIRECT_OBJC_ISA_USAGE = YES_ERROR;
				CLANG_WARN_EMPTY_BODY = YES;
				CLANG_WARN_ENUM_CONVERSION = YES;
				CLANG_WARN_INT_CONVERSION = YES;
				CLANG_WARN_OBJC_ROOT_CLASS = YES_ERROR;
				CLANG_WARN__DUPLICATE_METHOD_MATCH = YES;
				"CODE_SIGN_IDENTITY[sdk=iphoneos*]" = "iPhone Developer";
				COPY_PHASE_STRIP = YES;
				ENABLE_NS_ASSERTIONS = NO;
				GCC_C_LANGUAGE_STANDARD = gnu99;
				GCC_WARN_64_TO_32_BIT_CONVERSION = YES;
				GCC_WARN_ABOUT_RETURN_TYPE = YES_ERROR;
				GCC_WARN_UNDECLARED_SELECTOR = YES;
				GCC_WARN_UNINITIALIZED_AUTOS = YES_AGGRESSIVE;
				GCC_WARN_UNUSED_FUNCTION = YES;
				GCC_WARN_UNUSED_VARIABLE = YES;
				IPHONEOS_DEPLOYMENT_TARGET = 7.1;
				SDKROOT = iphoneos;
				VALIDATE_PRODUCT = YES;
			};
			name = Release;
		};
		7E970D4918F1E5E000517A1F /* Debug */ = {
			isa = XCBuildConfiguration;
			baseConfigurationReference = E2ACFA0394E640529A314B3C /* Pods.xcconfig */;
			buildSettings = {
				ASSETCATALOG_COMPILER_APPICON_NAME = AppIcon;
				ASSETCATALOG_COMPILER_LAUNCHIMAGE_NAME = LaunchImage;
				GCC_PRECOMPILE_PREFIX_HEADER = YES;
				GCC_PREFIX_HEADER = "Clipster/Clipster-Prefix.pch";
				INFOPLIST_FILE = "Clipster/Clipster-Info.plist";
				IPHONEOS_DEPLOYMENT_TARGET = 7.0;
				PRODUCT_NAME = "$(TARGET_NAME)";
				WRAPPER_EXTENSION = app;
			};
			name = Debug;
		};
		7E970D4A18F1E5E000517A1F /* Release */ = {
			isa = XCBuildConfiguration;
			baseConfigurationReference = E2ACFA0394E640529A314B3C /* Pods.xcconfig */;
			buildSettings = {
				ASSETCATALOG_COMPILER_APPICON_NAME = AppIcon;
				ASSETCATALOG_COMPILER_LAUNCHIMAGE_NAME = LaunchImage;
				GCC_PRECOMPILE_PREFIX_HEADER = YES;
				GCC_PREFIX_HEADER = "Clipster/Clipster-Prefix.pch";
				INFOPLIST_FILE = "Clipster/Clipster-Info.plist";
				IPHONEOS_DEPLOYMENT_TARGET = 7.0;
				PRODUCT_NAME = "$(TARGET_NAME)";
				WRAPPER_EXTENSION = app;
			};
			name = Release;
		};
		7E970D4C18F1E5E000517A1F /* Debug */ = {
			isa = XCBuildConfiguration;
			buildSettings = {
				BUNDLE_LOADER = "$(BUILT_PRODUCTS_DIR)/Clipster.app/Clipster";
				FRAMEWORK_SEARCH_PATHS = (
					"$(SDKROOT)/Developer/Library/Frameworks",
					"$(inherited)",
					"$(DEVELOPER_FRAMEWORKS_DIR)",
				);
				GCC_PRECOMPILE_PREFIX_HEADER = YES;
				GCC_PREFIX_HEADER = "Clipster/Clipster-Prefix.pch";
				GCC_PREPROCESSOR_DEFINITIONS = (
					"DEBUG=1",
					"$(inherited)",
				);
				INFOPLIST_FILE = "ClipsterTests/ClipsterTests-Info.plist";
				PRODUCT_NAME = "$(TARGET_NAME)";
				TEST_HOST = "$(BUNDLE_LOADER)";
				WRAPPER_EXTENSION = xctest;
			};
			name = Debug;
		};
		7E970D4D18F1E5E000517A1F /* Release */ = {
			isa = XCBuildConfiguration;
			buildSettings = {
				BUNDLE_LOADER = "$(BUILT_PRODUCTS_DIR)/Clipster.app/Clipster";
				FRAMEWORK_SEARCH_PATHS = (
					"$(SDKROOT)/Developer/Library/Frameworks",
					"$(inherited)",
					"$(DEVELOPER_FRAMEWORKS_DIR)",
				);
				GCC_PRECOMPILE_PREFIX_HEADER = YES;
				GCC_PREFIX_HEADER = "Clipster/Clipster-Prefix.pch";
				INFOPLIST_FILE = "ClipsterTests/ClipsterTests-Info.plist";
				PRODUCT_NAME = "$(TARGET_NAME)";
				TEST_HOST = "$(BUNDLE_LOADER)";
				WRAPPER_EXTENSION = xctest;
			};
			name = Release;
		};
/* End XCBuildConfiguration section */

/* Begin XCConfigurationList section */
		7E970D1718F1E5DF00517A1F /* Build configuration list for PBXProject "Clipster" */ = {
			isa = XCConfigurationList;
			buildConfigurations = (
				7E970D4618F1E5E000517A1F /* Debug */,
				7E970D4718F1E5E000517A1F /* Release */,
			);
			defaultConfigurationIsVisible = 0;
			defaultConfigurationName = Release;
		};
		7E970D4818F1E5E000517A1F /* Build configuration list for PBXNativeTarget "Clipster" */ = {
			isa = XCConfigurationList;
			buildConfigurations = (
				7E970D4918F1E5E000517A1F /* Debug */,
				7E970D4A18F1E5E000517A1F /* Release */,
			);
			defaultConfigurationIsVisible = 0;
			defaultConfigurationName = Release;
		};
		7E970D4B18F1E5E000517A1F /* Build configuration list for PBXNativeTarget "ClipsterTests" */ = {
			isa = XCConfigurationList;
			buildConfigurations = (
				7E970D4C18F1E5E000517A1F /* Debug */,
				7E970D4D18F1E5E000517A1F /* Release */,
			);
			defaultConfigurationIsVisible = 0;
			defaultConfigurationName = Release;
		};
/* End XCConfigurationList section */
	};
	rootObject = 7E970D1418F1E5DF00517A1F /* Project object */;
}
